{
  "name": "rabbitholeUser",
  "version": "2.0.0",
  "lockfileVersion": 2,
  "requires": true,
  "packages": {
    "": {
      "name": "rabbitholeUser",
      "version": "2.0.0",
      "license": "Apache-2.0",
      "devDependencies": {
        "@types/aws-lambda": "^8.10.92"
      }
    },
    "node_modules/@types/aws-lambda": {
      "version": "8.10.100",
      "resolved": "https://registry.npmjs.org/@types/aws-lambda/-/aws-lambda-8.10.100.tgz",
      "integrity": "sha512-Qldp1LhbgQ4tEHewci0/q5qVRaDr8ylvsYfpitJ+FFixzAHpgitvM2NM449uYWt2tYo/iJy25aSRRUVvwIT+ng==",
      "dev": true
    }
  },
  "dependencies": {
    "@types/aws-lambda": {
      "version": "8.10.100",
      "resolved": "https://registry.npmjs.org/@types/aws-lambda/-/aws-lambda-8.10.100.tgz",
      "integrity": "sha512-Qldp1LhbgQ4tEHewci0/q5qVRaDr8ylvsYfpitJ+FFixzAHpgitvM2NM449uYWt2tYo/iJy25aSRRUVvwIT+ng==",
      "dev": true
    }
  }
}
